
Microsoft Visual Studio Solution File, Format Version 12.00
# Visual Studio Version 16
VisualStudioVersion = 16.0.31005.135
MinimumVisualStudioVersion = 10.0.40219.1
Project("{FAE04EC0-301F-11D3-BF4B-00C04F79EFBC}") = "DataAccess", "DataAccess\DataAccess.csproj", "{E14F70A6-33AD-4A23-8AD2-2CCDDCA55E9F}"
EndProject
Project("{FAE04EC0-301F-11D3-BF4B-00C04F79EFBC}") = "Business", "Business\Business.csproj", "{30E90425-E786-4998-BDA0-1C328DAA1939}"
EndProject
Project("{FAE04EC0-301F-11D3-BF4B-00C04F79EFBC}") = "Entities", "Entities\Entities.csproj", "{E9FC9CA7-F69C-4C92-B74B-7152A5A4A7C7}"
EndProject
Project("{FAE04EC0-301F-11D3-BF4B-00C04F79EFBC}") = "ConsoleUI", "ConsoleUI\ConsoleUI.csproj", "{3BBF1693-4F6B-4C97-A602-9FA747F990C7}"
EndProject
Global
	GlobalSection(SolutionConfigurationPlatforms) = preSolution
		Debug|Any CPU = Debug|Any CPU
		Release|Any CPU = Release|Any CPU
	EndGlobalSection
	GlobalSection(ProjectConfigurationPlatforms) = postSolution
		{E14F70A6-33AD-4A23-8AD2-2CCDDCA55E9F}.Debug|Any CPU.ActiveCfg = Debug|Any CPU
		{E14F70A6-33AD-4A23-8AD2-2CCDDCA55E9F}.Debug|Any CPU.Build.0 = Debug|Any CPU
		{E14F70A6-33AD-4A23-8AD2-2CCDDCA55E9F}.Release|Any CPU.ActiveCfg = Release|Any CPU
		{E14F70A6-33AD-4A23-8AD2-2CCDDCA55E9F}.Release|Any CPU.Build.0 = Release|Any CPU
		{30E90425-E786-4998-BDA0-1C328DAA1939}.Debug|Any CPU.ActiveCfg = Debug|Any CPU
		{30E90425-E786-4998-BDA0-1C328DAA1939}.Debug|Any CPU.Build.0 = Debug|Any CPU
		{30E90425-E786-4998-BDA0-1C328DAA1939}.Release|Any CPU.ActiveCfg = Release|Any CPU
		{30E90425-E786-4998-BDA0-1C328DAA1939}.Release|Any CPU.Build.0 = Release|Any CPU
		{E9FC9CA7-F69C-4C92-B74B-7152A5A4A7C7}.Debug|Any CPU.ActiveCfg = Debug|Any CPU
		{E9FC9CA7-F69C-4C92-B74B-7152A5A4A7C7}.Debug|Any CPU.Build.0 = Debug|Any CPU
		{E9FC9CA7-F69C-4C92-B74B-7152A5A4A7C7}.Release|Any CPU.ActiveCfg = Release|Any CPU
		{E9FC9CA7-F69C-4C92-B74B-7152A5A4A7C7}.Release|Any CPU.Build.0 = Release|Any CPU
		{3BBF1693-4F6B-4C97-A602-9FA747F990C7}.Debug|Any CPU.ActiveCfg = Debug|Any CPU
		{3BBF1693-4F6B-4C97-A602-9FA747F990C7}.Debug|Any CPU.Build.0 = Debug|Any CPU
		{3BBF1693-4F6B-4C97-A602-9FA747F990C7}.Release|Any CPU.ActiveCfg = Release|Any CPU
		{3BBF1693-4F6B-4C97-A602-9FA747F990C7}.Release|Any CPU.Build.0 = Release|Any CPU
	EndGlobalSection
	GlobalSection(SolutionProperties) = preSolution
		HideSolutionNode = FALSE
	EndGlobalSection
	GlobalSection(ExtensibilityGlobals) = postSolution
		SolutionGuid = {99F46E86-53D3-4359-86F0-B39EF73D1976}
	EndGlobalSection
EndGlobal
